// !$*UTF8*$!
{
	archiveVersion = 1;
	classes = {
	};
	objectVersion = 56;
	objects = {

/* Begin PBXBuildFile section */
		29698FF629E7701300DEBEFC /* AppDelegate.swift in Sources */ = {isa = PBXBuildFile; fileRef = 29698FF529E7701300DEBEFC /* AppDelegate.swift */; };
		29698FF829E7701300DEBEFC /* SceneDelegate.swift in Sources */ = {isa = PBXBuildFile; fileRef = 29698FF729E7701300DEBEFC /* SceneDelegate.swift */; };
		29698FFA29E7701300DEBEFC /* ViewController.swift in Sources */ = {isa = PBXBuildFile; fileRef = 29698FF929E7701300DEBEFC /* ViewController.swift */; };
		29698FFD29E7701300DEBEFC /* Main.storyboard in Resources */ = {isa = PBXBuildFile; fileRef = 29698FFB29E7701300DEBEFC /* Main.storyboard */; };
		29698FFF29E7701700DEBEFC /* Assets.xcassets in Resources */ = {isa = PBXBuildFile; fileRef = 29698FFE29E7701700DEBEFC /* Assets.xcassets */; };
		2969900229E7701700DEBEFC /* LaunchScreen.storyboard in Resources */ = {isa = PBXBuildFile; fileRef = 2969900029E7701700DEBEFC /* LaunchScreen.storyboard */; };
		2969900D29E7701700DEBEFC /* Apple_pie_DhuhaTests.swift in Sources */ = {isa = PBXBuildFile; fileRef = 2969900C29E7701700DEBEFC /* Apple_pie_DhuhaTests.swift */; };
		2969901729E7701700DEBEFC /* Apple_pie_DhuhaUITests.swift in Sources */ = {isa = PBXBuildFile; fileRef = 2969901629E7701700DEBEFC /* Apple_pie_DhuhaUITests.swift */; };
		2969901929E7701800DEBEFC /* Apple_pie_DhuhaUITestsLaunchTests.swift in Sources */ = {isa = PBXBuildFile; fileRef = 2969901829E7701800DEBEFC /* Apple_pie_DhuhaUITestsLaunchTests.swift */; };
		2969902629E784A800DEBEFC /* Game.swift in Sources */ = {isa = PBXBuildFile; fileRef = 2969902529E784A800DEBEFC /* Game.swift */; };
/* End PBXBuildFile section */

/* Begin PBXContainerItemProxy section */
		2969900929E7701700DEBEFC /* PBXContainerItemProxy */ = {
			isa = PBXContainerItemProxy;
			containerPortal = 29698FEA29E7701300DEBEFC /* Project object */;
			proxyType = 1;
			remoteGlobalIDString = 29698FF129E7701300DEBEFC;
			remoteInfo = "Apple pie Dhuha";
		};
		2969901329E7701700DEBEFC /* PBXContainerItemProxy */ = {
			isa = PBXContainerItemProxy;
			containerPortal = 29698FEA29E7701300DEBEFC /* Project object */;
			proxyType = 1;
			remoteGlobalIDString = 29698FF129E7701300DEBEFC;
			remoteInfo = "Apple pie Dhuha";
		};
/* End PBXContainerItemProxy section */

/* Begin PBXFileReference section */
		29698FF229E7701300DEBEFC /* Apple pie Dhuha.app */ = {isa = PBXFileReference; explicitFileType = wrapper.application; includeInIndex = 0; path = "Apple pie Dhuha.app"; sourceTree = BUILT_PRODUCTS_DIR; };
		29698FF529E7701300DEBEFC /* AppDelegate.swift */ = {isa = PBXFileReference; lastKnownFileType = sourcecode.swift; path = AppDelegate.swift; sourceTree = "<group>"; };
		29698FF729E7701300DEBEFC /* SceneDelegate.swift */ = {isa = PBXFileReference; lastKnownFileType = sourcecode.swift; path = SceneDelegate.swift; sourceTree = "<group>"; };
		29698FF929E7701300DEBEFC /* ViewController.swift */ = {isa = PBXFileReference; lastKnownFileType = sourcecode.swift; path = ViewController.swift; sourceTree = "<group>"; };
		29698FFC29E7701300DEBEFC /* Base */ = {isa = PBXFileReference; lastKnownFileType = file.storyboard; name = Base; path = Base.lproj/Main.storyboard; sourceTree = "<group>"; };
		29698FFE29E7701700DEBEFC /* Assets.xcassets */ = {isa = PBXFileReference; lastKnownFileType = folder.assetcatalog; path = Assets.xcassets; sourceTree = "<group>"; };
		2969900129E7701700DEBEFC /* Base */ = {isa = PBXFileReference; lastKnownFileType = file.storyboard; name = Base; path = Base.lproj/LaunchScreen.storyboard; sourceTree = "<group>"; };
		2969900329E7701700DEBEFC /* Info.plist */ = {isa = PBXFileReference; lastKnownFileType = text.plist.xml; path = Info.plist; sourceTree = "<group>"; };
		2969900829E7701700DEBEFC /* Apple pie DhuhaTests.xctest */ = {isa = PBXFileReference; explicitFileType = wrapper.cfbundle; includeInIndex = 0; path = "Apple pie DhuhaTests.xctest"; sourceTree = BUILT_PRODUCTS_DIR; };
		2969900C29E7701700DEBEFC /* Apple_pie_DhuhaTests.swift */ = {isa = PBXFileReference; lastKnownFileType = sourcecode.swift; path = Apple_pie_DhuhaTests.swift; sourceTree = "<group>"; };
		2969901229E7701700DEBEFC /* Apple pie DhuhaUITests.xctest */ = {isa = PBXFileReference; explicitFileType = wrapper.cfbundle; includeInIndex = 0; path = "Apple pie DhuhaUITests.xctest"; sourceTree = BUILT_PRODUCTS_DIR; };
		2969901629E7701700DEBEFC /* Apple_pie_DhuhaUITests.swift */ = {isa = PBXFileReference; lastKnownFileType = sourcecode.swift; path = Apple_pie_DhuhaUITests.swift; sourceTree = "<group>"; };
		2969901829E7701800DEBEFC /* Apple_pie_DhuhaUITestsLaunchTests.swift */ = {isa = PBXFileReference; lastKnownFileType = sourcecode.swift; path = Apple_pie_DhuhaUITestsLaunchTests.swift; sourceTree = "<group>"; };
		2969902529E784A800DEBEFC /* Game.swift */ = {isa = PBXFileReference; lastKnownFileType = sourcecode.swift; path = Game.swift; sourceTree = "<group>"; };
/* End PBXFileReference section */

/* Begin PBXFrameworksBuildPhase section */
		29698FEF29E7701300DEBEFC /* Frameworks */ = {
			isa = PBXFrameworksBuildPhase;
			buildActionMask = 2147483647;
			files = (
			);
			runOnlyForDeploymentPostprocessing = 0;
		};
		2969900529E7701700DEBEFC /* Frameworks */ = {
			isa = PBXFrameworksBuildPhase;
			buildActionMask = 2147483647;
			files = (
			);
			runOnlyForDeploymentPostprocessing = 0;
		};
		2969900F29E7701700DEBEFC /* Frameworks */ = {
			isa = PBXFrameworksBuildPhase;
			buildActionMask = 2147483647;
			files = (
			);
			runOnlyForDeploymentPostprocessing = 0;
		};
/* End PBXFrameworksBuildPhase section */

/* Begin PBXGroup section */
		29698FE929E7701300DEBEFC = {
			isa = PBXGroup;
			children = (
				2969902529E784A800DEBEFC /* Game.swift */,
				29698FF429E7701300DEBEFC /* Apple pie Dhuha */,
				2969900B29E7701700DEBEFC /* Apple pie DhuhaTests */,
				2969901529E7701700DEBEFC /* Apple pie DhuhaUITests */,
				29698FF329E7701300DEBEFC /* Products */,
			);
			sourceTree = "<group>";
		};
		29698FF329E7701300DEBEFC /* Products */ = {
			isa = PBXGroup;
			children = (
				29698FF229E7701300DEBEFC /* Apple pie Dhuha.app */,
				2969900829E7701700DEBEFC /* Apple pie DhuhaTests.xctest */,
				2969901229E7701700DEBEFC /* Apple pie DhuhaUITests.xctest */,
			);
			name = Products;
			sourceTree = "<group>";
		};
		29698FF429E7701300DEBEFC /* Apple pie Dhuha */ = {
			isa = PBXGroup;
			children = (
				29698FF529E7701300DEBEFC /* AppDelegate.swift */,
				29698FF729E7701300DEBEFC /* SceneDelegate.swift */,
				29698FF929E7701300DEBEFC /* ViewController.swift */,
				29698FFB29E7701300DEBEFC /* Main.storyboard */,
				29698FFE29E7701700DEBEFC /* Assets.xcassets */,
				2969900029E7701700DEBEFC /* LaunchScreen.storyboard */,
				2969900329E7701700DEBEFC /* Info.plist */,
			);
			path = "Apple pie Dhuha";
			sourceTree = "<group>";
		};
		2969900B29E7701700DEBEFC /* Apple pie DhuhaTests */ = {
			isa = PBXGroup;
			children = (
				2969900C29E7701700DEBEFC /* Apple_pie_DhuhaTests.swift */,
			);
			path = "Apple pie DhuhaTests";
			sourceTree = "<group>";
		};
		2969901529E7701700DEBEFC /* Apple pie DhuhaUITests */ = {
			isa = PBXGroup;
			children = (
				2969901629E7701700DEBEFC /* Apple_pie_DhuhaUITests.swift */,
				2969901829E7701800DEBEFC /* Apple_pie_DhuhaUITestsLaunchTests.swift */,
			);
			path = "Apple pie DhuhaUITests";
			sourceTree = "<group>";
		};
/* End PBXGroup section */

/* Begin PBXNativeTarget section */
		29698FF129E7701300DEBEFC /* Apple pie Dhuha */ = {
			isa = PBXNativeTarget;
			buildConfigurationList = 2969901C29E7701800DEBEFC /* Build configuration list for PBXNativeTarget "Apple pie Dhuha" */;
			buildPhases = (
				29698FEE29E7701300DEBEFC /* Sources */,
				29698FEF29E7701300DEBEFC /* Frameworks */,
				29698FF029E7701300DEBEFC /* Resources */,
			);
			buildRules = (
			);
			dependencies = (
			);
			name = "Apple pie Dhuha";
			productName = "Apple pie Dhuha";
			productReference = 29698FF229E7701300DEBEFC /* Apple pie Dhuha.app */;
			productType = "com.apple.product-type.application";
		};
		2969900729E7701700DEBEFC /* Apple pie DhuhaTests */ = {
			isa = PBXNativeTarget;
			buildConfigurationList = 2969901F29E7701800DEBEFC /* Build configuration list for PBXNativeTarget "Apple pie DhuhaTests" */;
			buildPhases = (
				2969900429E7701700DEBEFC /* Sources */,
				2969900529E7701700DEBEFC /* Frameworks */,
				2969900629E7701700DEBEFC /* Resources */,
			);
			buildRules = (
			);
			dependencies = (
				2969900A29E7701700DEBEFC /* PBXTargetDependency */,
			);
			name = "Apple pie DhuhaTests";
			productName = "Apple pie DhuhaTests";
			productReference = 2969900829E7701700DEBEFC /* Apple pie DhuhaTests.xctest */;
			productType = "com.apple.product-type.bundle.unit-test";
		};
		2969901129E7701700DEBEFC /* Apple pie DhuhaUITests */ = {
			isa = PBXNativeTarget;
			buildConfigurationList = 2969902229E7701800DEBEFC /* Build configuration list for PBXNativeTarget "Apple pie DhuhaUITests" */;
			buildPhases = (
				2969900E29E7701700DEBEFC /* Sources */,
				2969900F29E7701700DEBEFC /* Frameworks */,
				2969901029E7701700DEBEFC /* Resources */,
			);
			buildRules = (
			);
			dependencies = (
				2969901429E7701700DEBEFC /* PBXTargetDependency */,
			);
			name = "Apple pie DhuhaUITests";
			productName = "Apple pie DhuhaUITests";
			productReference = 2969901229E7701700DEBEFC /* Apple pie DhuhaUITests.xctest */;
			productType = "com.apple.product-type.bundle.ui-testing";
		};
/* End PBXNativeTarget section */

/* Begin PBXProject section */
		29698FEA29E7701300DEBEFC /* Project object */ = {
			isa = PBXProject;
			attributes = {
				BuildIndependentTargetsInParallel = 1;
				LastSwiftUpdateCheck = 1420;
				LastUpgradeCheck = 1420;
				TargetAttributes = {
					29698FF129E7701300DEBEFC = {
						CreatedOnToolsVersion = 14.2;
					};
					2969900729E7701700DEBEFC = {
						CreatedOnToolsVersion = 14.2;
						TestTargetID = 29698FF129E7701300DEBEFC;
					};
					2969901129E7701700DEBEFC = {
						CreatedOnToolsVersion = 14.2;
						TestTargetID = 29698FF129E7701300DEBEFC;
					};
				};
			};
			buildConfigurationList = 29698FED29E7701300DEBEFC /* Build configuration list for PBXProject "Apple pie Dhuha" */;
			compatibilityVersion = "Xcode 14.0";
			developmentRegion = en;
			hasScannedForEncodings = 0;
			knownRegions = (
				en,
				Base,
			);
			mainGroup = 29698FE929E7701300DEBEFC;
			productRefGroup = 29698FF329E7701300DEBEFC /* Products */;
			projectDirPath = "";
			projectRoot = "";
			targets = (
				29698FF129E7701300DEBEFC /* Apple pie Dhuha */,
				2969900729E7701700DEBEFC /* Apple pie DhuhaTests */,
				2969901129E7701700DEBEFC /* Apple pie DhuhaUITests */,
			);
		};
/* End PBXProject section */

/* Begin PBXResourcesBuildPhase section */
		29698FF029E7701300DEBEFC /* Resources */ = {
			isa = PBXResourcesBuildPhase;
			buildActionMask = 2147483647;
			files = (
				2969900229E7701700DEBEFC /* LaunchScreen.storyboard in Resources */,
				29698FFF29E7701700DEBEFC /* Assets.xcassets in Resources */,
				29698FFD29E7701300DEBEFC /* Main.storyboard in Resources */,
			);
			runOnlyForDeploymentPostprocessing = 0;
		};
		2969900629E7701700DEBEFC /* Resources */ = {
			isa = PBXResourcesBuildPhase;
			buildActionMask = 2147483647;
			files = (
			);
			runOnlyForDeploymentPostprocessing = 0;
		};
		2969901029E7701700DEBEFC /* Resources */ = {
			isa = PBXResourcesBuildPhase;
			buildActionMask = 2147483647;
			files = (
			);
			runOnlyForDeploymentPostprocessing = 0;
		};
/* End PBXResourcesBuildPhase section */

/* Begin PBXSourcesBuildPhase section */
		29698FEE29E7701300DEBEFC /* Sources */ = {
			isa = PBXSourcesBuildPhase;
			buildActionMask = 2147483647;
			files = (
				29698FFA29E7701300DEBEFC /* ViewController.swift in Sources */,
				29698FF629E7701300DEBEFC /* AppDelegate.swift in Sources */,
				29698FF829E7701300DEBEFC /* SceneDelegate.swift in Sources */,
				2969902629E784A800DEBEFC /* Game.swift in Sources */,
			);
			runOnlyForDeploymentPostprocessing = 0;
		};
		2969900429E7701700DEBEFC /* Sources */ = {
			isa = PBXSourcesBuildPhase;
			buildActionMask = 2147483647;
			files = (
				2969900D29E7701700DEBEFC /* Apple_pie_DhuhaTests.swift in Sources */,
			);
			runOnlyForDeploymentPostprocessing = 0;
		};
		2969900E29E7701700DEBEFC /* Sources */ = {
			isa = PBXSourcesBuildPhase;
			buildActionMask = 2147483647;
			files = (
				2969901729E7701700DEBEFC /* Apple_pie_DhuhaUITests.swift in Sources */,
				2969901929E7701800DEBEFC /* Apple_pie_DhuhaUITestsLaunchTests.swift in Sources */,
			);
			runOnlyForDeploymentPostprocessing = 0;
		};
/* End PBXSourcesBuildPhase section */

/* Begin PBXTargetDependency section */
		2969900A29E7701700DEBEFC /* PBXTargetDependency */ = {
			isa = PBXTargetDependency;
			target = 29698FF129E7701300DEBEFC /* Apple pie Dhuha */;
			targetProxy = 2969900929E7701700DEBEFC /* PBXContainerItemProxy */;
		};
		2969901429E7701700DEBEFC /* PBXTargetDependency */ = {
			isa = PBXTargetDependency;
			target = 29698FF129E7701300DEBEFC /* Apple pie Dhuha */;
			targetProxy = 2969901329E7701700DEBEFC /* PBXContainerItemProxy */;
		};
/* End PBXTargetDependency section */

/* Begin PBXVariantGroup section */
		29698FFB29E7701300DEBEFC /* Main.storyboard */ = {
			isa = PBXVariantGroup;
			children = (
				29698FFC29E7701300DEBEFC /* Base */,
			);
			name = Main.storyboard;
			sourceTree = "<group>";
		};
		2969900029E7701700DEBEFC /* LaunchScreen.storyboard */ = {
			isa = PBXVariantGroup;
			children = (
				2969900129E7701700DEBEFC /* Base */,
			);
			name = LaunchScreen.storyboard;
			sourceTree = "<group>";
		};
/* End PBXVariantGroup section */

/* Begin XCBuildConfiguration section */
		2969901A29E7701800DEBEFC /* Debug */ = {
			isa = XCBuildConfiguration;
			buildSettings = {
				ALWAYS_SEARCH_USER_PATHS = NO;
				CLANG_ANALYZER_NONNULL = YES;
				CLANG_ANALYZER_NUMBER_OBJECT_CONVERSION = YES_AGGRESSIVE;
				CLANG_CXX_LANGUAGE_STANDARD = "gnu++20";
				CLANG_ENABLE_MODULES = YES;
				CLANG_ENABLE_OBJC_ARC = YES;
				CLANG_ENABLE_OBJC_WEAK = YES;
				CLANG_WARN_BLOCK_CAPTURE_AUTORELEASING = YES;
				CLANG_WARN_BOOL_CONVERSION = YES;
				CLANG_WARN_COMMA = YES;
				CLANG_WARN_CONSTANT_CONVERSION = YES;
				CLANG_WARN_DEPRECATED_OBJC_IMPLEMENTATIONS = YES;
				CLANG_WARN_DIRECT_OBJC_ISA_USAGE = YES_ERROR;
				CLANG_WARN_DOCUMENTATION_COMMENTS = YES;
				CLANG_WARN_EMPTY_BODY = YES;
				CLANG_WARN_ENUM_CONVERSION = YES;
				CLANG_WARN_INFINITE_RECURSION = YES;
				CLANG_WARN_INT_CONVERSION = YES;
				CLANG_WARN_NON_LITERAL_NULL_CONVERSION = YES;
				CLANG_WARN_OBJC_IMPLICIT_RETAIN_SELF = YES;
				CLANG_WARN_OBJC_LITERAL_CONVERSION = YES;
				CLANG_WARN_OBJC_ROOT_CLASS = YES_ERROR;
				CLANG_WARN_QUOTED_INCLUDE_IN_FRAMEWORK_HEADER = YES;
				CLANG_WARN_RANGE_LOOP_ANALYSIS = YES;
				CLANG_WARN_STRICT_PROTOTYPES = YES;
				CLANG_WARN_SUSPICIOUS_MOVE = YES;
				CLANG_WARN_UNGUARDED_AVAILABILITY = YES_AGGRESSIVE;
				CLANG_WARN_UNREACHABLE_CODE = YES;
				CLANG_WARN__DUPLICATE_METHOD_MATCH = YES;
				COPY_PHASE_STRIP = NO;
				DEBUG_INFORMATION_FORMAT = dwarf;
				ENABLE_STRICT_OBJC_MSGSEND = YES;
				ENABLE_TESTABILITY = YES;
				GCC_C_LANGUAGE_STANDARD = gnu11;
				GCC_DYNAMIC_NO_PIC = NO;
				GCC_NO_COMMON_BLOCKS = YES;
				GCC_OPTIMIZATION_LEVEL = 0;
				GCC_PREPROCESSOR_DEFINITIONS = (
					"DEBUG=1",
					"$(inherited)",
				);
				GCC_WARN_64_TO_32_BIT_CONVERSION = YES;
				GCC_WARN_ABOUT_RETURN_TYPE = YES_ERROR;
				GCC_WARN_UNDECLARED_SELECTOR = YES;
				GCC_WARN_UNINITIALIZED_AUTOS = YES_AGGRESSIVE;
				GCC_WARN_UNUSED_FUNCTION = YES;
				GCC_WARN_UNUSED_VARIABLE = YES;
				IPHONEOS_DEPLOYMENT_TARGET = 16.2;
				MTL_ENABLE_DEBUG_INFO = INCLUDE_SOURCE;
				MTL_FAST_MATH = YES;
				ONLY_ACTIVE_ARCH = YES;
				SDKROOT = iphoneos;
				SWIFT_ACTIVE_COMPILATION_CONDITIONS = DEBUG;
				SWIFT_OPTIMIZATION_LEVEL = "-Onone";
			};
			name = Debug;
		};
		2969901B29E7701800DEBEFC /* Release */ = {
			isa = XCBuildConfiguration;
			buildSettings = {
				ALWAYS_SEARCH_USER_PATHS = NO;
				CLANG_ANALYZER_NONNULL = YES;
				CLANG_ANALYZER_NUMBER_OBJECT_CONVERSION = YES_AGGRESSIVE;
				CLANG_CXX_LANGUAGE_STANDARD = "gnu++20";
				CLANG_ENABLE_MODULES = YES;
				CLANG_ENABLE_OBJC_ARC = YES;
				CLANG_ENABLE_OBJC_WEAK = YES;
				CLANG_WARN_BLOCK_CAPTURE_AUTORELEASING = YES;
				CLANG_WARN_BOOL_CONVERSION = YES;
				CLANG_WARN_COMMA = YES;
				CLANG_WARN_CONSTANT_CONVERSION = YES;
				CLANG_WARN_DEPRECATED_OBJC_IMPLEMENTATIONS = YES;
				CLANG_WARN_DIRECT_OBJC_ISA_USAGE = YES_ERROR;
				CLANG_WARN_DOCUMENTATION_COMMENTS = YES;
				CLANG_WARN_EMPTY_BODY = YES;
				CLANG_WARN_ENUM_CONVERSION = YES;
				CLANG_WARN_INFINITE_RECURSION = YES;
				CLANG_WARN_INT_CONVERSION = YES;
				CLANG_WARN_NON_LITERAL_NULL_CONVERSION = YES;
				CLANG_WARN_OBJC_IMPLICIT_RETAIN_SELF = YES;
				CLANG_WARN_OBJC_LITERAL_CONVERSION = YES;
				CLANG_WARN_OBJC_ROOT_CLASS = YES_ERROR;
				CLANG_WARN_QUOTED_INCLUDE_IN_FRAMEWORK_HEADER = YES;
				CLANG_WARN_RANGE_LOOP_ANALYSIS = YES;
				CLANG_WARN_STRICT_PROTOTYPES = YES;
				CLANG_WARN_SUSPICIOUS_MOVE = YES;
				CLANG_WARN_UNGUARDED_AVAILABILITY = YES_AGGRESSIVE;
				CLANG_WARN_UNREACHABLE_CODE = YES;
				CLANG_WARN__DUPLICATE_METHOD_MATCH = YES;
				COPY_PHASE_STRIP = NO;
				DEBUG_INFORMATION_FORMAT = "dwarf-with-dsym";
				ENABLE_NS_ASSERTIONS = NO;
				ENABLE_STRICT_OBJC_MSGSEND = YES;
				GCC_C_LANGUAGE_STANDARD = gnu11;
				GCC_NO_COMMON_BLOCKS = YES;
				GCC_WARN_64_TO_32_BIT_CONVERSION = YES;
				GCC_WARN_ABOUT_RETURN_TYPE = YES_ERROR;
				GCC_WARN_UNDECLARED_SELECTOR = YES;
				GCC_WARN_UNINITIALIZED_AUTOS = YES_AGGRESSIVE;
				GCC_WARN_UNUSED_FUNCTION = YES;
				GCC_WARN_UNUSED_VARIABLE = YES;
				IPHONEOS_DEPLOYMENT_TARGET = 16.2;
				MTL_ENABLE_DEBUG_INFO = NO;
				MTL_FAST_MATH = YES;
				SDKROOT = iphoneos;
				SWIFT_COMPILATION_MODE = wholemodule;
				SWIFT_OPTIMIZATION_LEVEL = "-O";
				VALIDATE_PRODUCT = YES;
			};
			name = Release;
		};
		2969901D29E7701800DEBEFC /* Debug */ = {
			isa = XCBuildConfiguration;
			buildSettings = {
				ASSETCATALOG_COMPILER_APPICON_NAME = AppIcon;
				ASSETCATALOG_COMPILER_GLOBAL_ACCENT_COLOR_NAME = AccentColor;
				CODE_SIGN_STYLE = Automatic;
				CURRENT_PROJECT_VERSION = 1;
				GENERATE_INFOPLIST_FILE = YES;
				INFOPLIST_FILE = "Apple pie Dhuha/Info.plist";
				INFOPLIST_KEY_UIApplicationSupportsIndirectInputEvents = YES;
				INFOPLIST_KEY_UILaunchStoryboardName = LaunchScreen;
				INFOPLIST_KEY_UIMainStoryboardFile = Main;
				INFOPLIST_KEY_UISupportedInterfaceOrientations_iPad = "UIInterfaceOrientationPortrait UIInterfaceOrientationPortraitUpsideDown UIInterfaceOrientationLandscapeLeft UIInterfaceOrientationLandscapeRight";
				INFOPLIST_KEY_UISupportedInterfaceOrientations_iPhone = "UIInterfaceOrientationPortrait UIInterfaceOrientationLandscapeLeft UIInterfaceOrientationLandscapeRight";
				LD_RUNPATH_SEARCH_PATHS = (
					"$(inherited)",
					"@executable_path/Frameworks",
				);
				MARKETING_VERSION = 1.0;
				PRODUCT_BUNDLE_IDENTIFIER = "std.su.edu.sa.Apple-pie-Dhuha";
				PRODUCT_NAME = "$(TARGET_NAME)";
				SWIFT_EMIT_LOC_STRINGS = YES;
				SWIFT_VERSION = 5.0;
				TARGETED_DEVICE_FAMILY = "1,2";
			};
			name = Debug;
		};
		2969901E29E7701800DEBEFC /* Release */ = {
			isa = XCBuildConfiguration;
			buildSettings = {
				ASSETCATALOG_COMPILER_APPICON_NAME = AppIcon;
				ASSETCATALOG_COMPILER_GLOBAL_ACCENT_COLOR_NAME = AccentColor;
				CODE_SIGN_STYLE = Automatic;
				CURRENT_PROJECT_VERSION = 1;
				GENERATE_INFOPLIST_FILE = YES;
				INFOPLIST_FILE = "Apple pie Dhuha/Info.plist";
				INFOPLIST_KEY_UIApplicationSupportsIndirectInputEvents = YES;
				INFOPLIST_KEY_UILaunchStoryboardName = LaunchScreen;
				INFOPLIST_KEY_UIMainStoryboardFile = Main;
				INFOPLIST_KEY_UISupportedInterfaceOrientations_iPad = "UIInterfaceOrientationPortrait UIInterfaceOrientationPortraitUpsideDown UIInterfaceOrientationLandscapeLeft UIInterfaceOrientationLandscapeRight";
				INFOPLIST_KEY_UISupportedInterfaceOrientations_iPhone = "UIInterfaceOrientationPortrait UIInterfaceOrientationLandscapeLeft UIInterfaceOrientationLandscapeRight";
				LD_RUNPATH_SEARCH_PATHS = (
					"$(inherited)",
					"@executable_path/Frameworks",
				);
				MARKETING_VERSION = 1.0;
				PRODUCT_BUNDLE_IDENTIFIER = "std.su.edu.sa.Apple-pie-Dhuha";
				PRODUCT_NAME = "$(TARGET_NAME)";
				SWIFT_EMIT_LOC_STRINGS = YES;
				SWIFT_VERSION = 5.0;
				TARGETED_DEVICE_FAMILY = "1,2";
			};
			name = Release;
		};
		2969902029E7701800DEBEFC /* Debug */ = {
			isa = XCBuildConfiguration;
			buildSettings = {
				ALWAYS_EMBED_SWIFT_STANDARD_LIBRARIES = YES;
				BUNDLE_LOADER = "$(TEST_HOST)";
				CODE_SIGN_STYLE = Automatic;
				CURRENT_PROJECT_VERSION = 1;
				GENERATE_INFOPLIST_FILE = YES;
				IPHONEOS_DEPLOYMENT_TARGET = 16.2;
				MARKETING_VERSION = 1.0;
				PRODUCT_BUNDLE_IDENTIFIER = "std.su.edu.sa.Apple-pie-DhuhaTests";
				PRODUCT_NAME = "$(TARGET_NAME)";
				SWIFT_EMIT_LOC_STRINGS = NO;
				SWIFT_VERSION = 5.0;
				TARGETED_DEVICE_FAMILY = "1,2";
				TEST_HOST = "$(BUILT_PRODUCTS_DIR)/Apple pie Dhuha.app/$(BUNDLE_EXECUTABLE_FOLDER_PATH)/Apple pie Dhuha";
			};
			name = Debug;
		};
		2969902129E7701800DEBEFC /* Release */ = {
			isa = XCBuildConfiguration;
			buildSettings = {
				ALWAYS_EMBED_SWIFT_STANDARD_LIBRARIES = YES;
				BUNDLE_LOADER = "$(TEST_HOST)";
				CODE_SIGN_STYLE = Automatic;
				CURRENT_PROJECT_VERSION = 1;
				GENERATE_INFOPLIST_FILE = YES;
				IPHONEOS_DEPLOYMENT_TARGET = 16.2;
				MARKETING_VERSION = 1.0;
				PRODUCT_BUNDLE_IDENTIFIER = "std.su.edu.sa.Apple-pie-DhuhaTests";
				PRODUCT_NAME = "$(TARGET_NAME)";
				SWIFT_EMIT_LOC_STRINGS = NO;
				SWIFT_VERSION = 5.0;
				TARGETED_DEVICE_FAMILY = "1,2";
				TEST_HOST = "$(BUILT_PRODUCTS_DIR)/Apple pie Dhuha.app/$(BUNDLE_EXECUTABLE_FOLDER_PATH)/Apple pie Dhuha";
			};
			name = Release;
		};
		2969902329E7701800DEBEFC /* Debug */ = {
			isa = XCBuildConfiguration;
			buildSettings = {
				ALWAYS_EMBED_SWIFT_STANDARD_LIBRARIES = YES;
				CODE_SIGN_STYLE = Automatic;
				CURRENT_PROJECT_VERSION = 1;
				GENERATE_INFOPLIST_FILE = YES;
				MARKETING_VERSION = 1.0;
				PRODUCT_BUNDLE_IDENTIFIER = "std.su.edu.sa.Apple-pie-DhuhaUITests";
				PRODUCT_NAME = "$(TARGET_NAME)";
				SWIFT_EMIT_LOC_STRINGS = NO;
				SWIFT_VERSION = 5.0;
				TARGETED_DEVICE_FAMILY = "1,2";
				TEST_TARGET_NAME = "Apple pie Dhuha";
			};
			name = Debug;
		};
		2969902429E7701800DEBEFC /* Release */ = {
			isa = XCBuildConfiguration;
			buildSettings = {
				ALWAYS_EMBED_SWIFT_STANDARD_LIBRARIES = YES;
				CODE_SIGN_STYLE = Automatic;
				CURRENT_PROJECT_VERSION = 1;
				GENERATE_INFOPLIST_FILE = YES;
				MARKETING_VERSION = 1.0;
				PRODUCT_BUNDLE_IDENTIFIER = "std.su.edu.sa.Apple-pie-DhuhaUITests";
				PRODUCT_NAME = "$(TARGET_NAME)";
				SWIFT_EMIT_LOC_STRINGS = NO;
				SWIFT_VERSION = 5.0;
				TARGETED_DEVICE_FAMILY = "1,2";
				TEST_TARGET_NAME = "Apple pie Dhuha";
			};
			name = Release;
		};
/* End XCBuildConfiguration section */

/* Begin XCConfigurationList section */
		29698FED29E7701300DEBEFC /* Build configuration list for PBXProject "Apple pie Dhuha" */ = {
			isa = XCConfigurationList;
			buildConfigurations = (
				2969901A29E7701800DEBEFC /* Debug */,
				2969901B29E7701800DEBEFC /* Release */,
			);
			defaultConfigurationIsVisible = 0;
			defaultConfigurationName = Release;
		};
		2969901C29E7701800DEBEFC /* Build configuration list for PBXNativeTarget "Apple pie Dhuha" */ = {
			isa = XCConfigurationList;
			buildConfigurations = (
				2969901D29E7701800DEBEFC /* Debug */,
				2969901E29E7701800DEBEFC /* Release */,
			);
			defaultConfigurationIsVisible = 0;
			defaultConfigurationName = Release;
		};
		2969901F29E7701800DEBEFC /* Build configuration list for PBXNativeTarget "Apple pie DhuhaTests" */ = {
			isa = XCConfigurationList;
			buildConfigurations = (
				2969902029E7701800DEBEFC /* Debug */,
				2969902129E7701800DEBEFC /* Release */,
			);
			defaultConfigurationIsVisible = 0;
			defaultConfigurationName = Release;
		};
		2969902229E7701800DEBEFC /* Build configuration list for PBXNativeTarget "Apple pie DhuhaUITests" */ = {
			isa = XCConfigurationList;
			buildConfigurations = (
				2969902329E7701800DEBEFC /* Debug */,
				2969902429E7701800DEBEFC /* Release */,
			);
			defaultConfigurationIsVisible = 0;
			defaultConfigurationName = Release;
		};
/* End XCConfigurationList section */
	};
	rootObject = 29698FEA29E7701300DEBEFC /* Project object */;
}
